PODS:
  - Clappr (0.12.0)
  - ComScore (5.8.0):
    - ComScore/Dynamic (= 5.8.0)
  - ComScore/Dynamic (5.8.0)
  - GoogleAds-IMA-iOS-SDK (3.7.3)
  - WMPlayer (8.0.0):
    - Clappr (= 0.12.0)
    - ComScore (= 5.8.0)
    - GoogleAds-IMA-iOS-SDK (= 3.7.3)
    - YouboraAVPlayerAdapter (= 6.0.11)
    - YouboraIMAAdapter (= 6.0.6)
    - YouboraLib (= 6.1.5)
  - YouboraAVPlayerAdapter (6.0.11):
    - YouboraLib (~> 6.1.5)
  - YouboraIMAAdapter (6.0.6):
    - GoogleAds-IMA-iOS-SDK (~> 3.6)
    - YouboraLib (~> 6.0)
  - YouboraLib (6.1.5)

DEPENDENCIES:
  - WMPlayer (= 8.0.0)

SPEC REPOS:
  https://github.com/cocoapods/specs.git:
    - Clappr
    - ComScore
    - GoogleAds-IMA-iOS-SDK
    - YouboraAVPlayerAdapter
    - YouboraIMAAdapter
    - YouboraLib
  https://github.com/globoi/pods-repository:
    - WMPlayer

SPEC CHECKSUMS:
  Clappr: 39baf668b2b44c6462fd9c7ff8cc2f984953ee9c
  ComScore: e9f37d5da9ce5b3be314f923890da79f00b28ce6
  GoogleAds-IMA-iOS-SDK: 6dc764910309dcc982d6eb8b7de19d3cf94a6857
  WMPlayer: 13ea15de3c2e791a4ca139b6bc206a8248706cb0
  YouboraAVPlayerAdapter: 98f27f8e0168db3d657a550b4be02cec6e55e4bd
  YouboraIMAAdapter: 5080ab5a4231f63d92f540f8540e9c315aae065f
  YouboraLib: f995fba55b2a5fad281cd5c4217bb58505a78fc5

PODFILE CHECKSUM: a2b2c844755a7db86cf6fd57e2a5acf7b95f9f14

COCOAPODS: 1.6.1
