// !$*UTF8*$!
{
	archiveVersion = 1;
	classes = {
	};
	objectVersion = 50;
	objects = {

/* Begin PBXBuildFile section */
		076B39D8326F428BEDFCFC89 /* Pods_PlayerWorkshop.framework in Frameworks */ = {isa = PBXBuildFile; fileRef = 294BFF37E784C47015CBC95C /* Pods_PlayerWorkshop.framework */; };
		AB091C44228224200050352B /* AppDelegate.swift in Sources */ = {isa = PBXBuildFile; fileRef = AB091C43228224200050352B /* AppDelegate.swift */; };
		AB091C46228224200050352B /* ViewController.swift in Sources */ = {isa = PBXBuildFile; fileRef = AB091C45228224200050352B /* ViewController.swift */; };
		AB091C49228224200050352B /* Main.storyboard in Resources */ = {isa = PBXBuildFile; fileRef = AB091C47228224200050352B /* Main.storyboard */; };
		AB091C4E228224220050352B /* LaunchScreen.storyboard in Resources */ = {isa = PBXBuildFile; fileRef = AB091C4C228224220050352B /* LaunchScreen.storyboard */; };
		AB3076862282FF3F000D5116 /* SharePlugin.swift in Sources */ = {isa = PBXBuildFile; fileRef = AB3076852282FF3F000D5116 /* SharePlugin.swift */; };
		AB30768822834D3D000D5116 /* ShareView.xib in Resources */ = {isa = PBXBuildFile; fileRef = AB30768722834D3D000D5116 /* ShareView.xib */; };
		AB30768B228350A9000D5116 /* ShareView.swift in Sources */ = {isa = PBXBuildFile; fileRef = AB30768A228350A9000D5116 /* ShareView.swift */; };
		AB30769022835F1C000D5116 /* Assets.xcassets in Resources */ = {isa = PBXBuildFile; fileRef = AB30768F22835F1C000D5116 /* Assets.xcassets */; };
/* End PBXBuildFile section */

/* Begin PBXFileReference section */
		294BFF37E784C47015CBC95C /* Pods_PlayerWorkshop.framework */ = {isa = PBXFileReference; explicitFileType = wrapper.framework; includeInIndex = 0; path = Pods_PlayerWorkshop.framework; sourceTree = BUILT_PRODUCTS_DIR; };
		4A3AFDDBEE68DB18F2DB58CB /* Pods-PlayerWorkshop.debug.xcconfig */ = {isa = PBXFileReference; includeInIndex = 1; lastKnownFileType = text.xcconfig; name = "Pods-PlayerWorkshop.debug.xcconfig"; path = "Target Support Files/Pods-PlayerWorkshop/Pods-PlayerWorkshop.debug.xcconfig"; sourceTree = "<group>"; };
		6CFD4F1E461C6DEE1DE9A830 /* Pods-PlayerWorkshop.release.xcconfig */ = {isa = PBXFileReference; includeInIndex = 1; lastKnownFileType = text.xcconfig; name = "Pods-PlayerWorkshop.release.xcconfig"; path = "Target Support Files/Pods-PlayerWorkshop/Pods-PlayerWorkshop.release.xcconfig"; sourceTree = "<group>"; };
		AB091C40228224200050352B /* PlayerWorkshop.app */ = {isa = PBXFileReference; explicitFileType = wrapper.application; includeInIndex = 0; path = PlayerWorkshop.app; sourceTree = BUILT_PRODUCTS_DIR; };
		AB091C43228224200050352B /* AppDelegate.swift */ = {isa = PBXFileReference; lastKnownFileType = sourcecode.swift; path = AppDelegate.swift; sourceTree = "<group>"; };
		AB091C45228224200050352B /* ViewController.swift */ = {isa = PBXFileReference; lastKnownFileType = sourcecode.swift; path = ViewController.swift; sourceTree = "<group>"; };
		AB091C48228224200050352B /* Base */ = {isa = PBXFileReference; lastKnownFileType = file.storyboard; name = Base; path = Base.lproj/Main.storyboard; sourceTree = "<group>"; };
		AB091C4D228224220050352B /* Base */ = {isa = PBXFileReference; lastKnownFileType = file.storyboard; name = Base; path = Base.lproj/LaunchScreen.storyboard; sourceTree = "<group>"; };
		AB091C4F228224220050352B /* Info.plist */ = {isa = PBXFileReference; lastKnownFileType = text.plist.xml; path = Info.plist; sourceTree = "<group>"; };
		AB3076852282FF3F000D5116 /* SharePlugin.swift */ = {isa = PBXFileReference; lastKnownFileType = sourcecode.swift; path = SharePlugin.swift; sourceTree = "<group>"; };
		AB30768722834D3D000D5116 /* ShareView.xib */ = {isa = PBXFileReference; lastKnownFileType = file.xib; path = ShareView.xib; sourceTree = "<group>"; };
		AB30768A228350A9000D5116 /* ShareView.swift */ = {isa = PBXFileReference; lastKnownFileType = sourcecode.swift; path = ShareView.swift; sourceTree = "<group>"; };
		AB30768F22835F1C000D5116 /* Assets.xcassets */ = {isa = PBXFileReference; lastKnownFileType = folder.assetcatalog; path = Assets.xcassets; sourceTree = "<group>"; };
/* End PBXFileReference section */

/* Begin PBXFrameworksBuildPhase section */
		AB091C3D228224200050352B /* Frameworks */ = {
			isa = PBXFrameworksBuildPhase;
			buildActionMask = 2147483647;
			files = (
				076B39D8326F428BEDFCFC89 /* Pods_PlayerWorkshop.framework in Frameworks */,
			);
			runOnlyForDeploymentPostprocessing = 0;
		};
/* End PBXFrameworksBuildPhase section */

/* Begin PBXGroup section */
		12903730078E1FB08D5C340A /* Pods */ = {
			isa = PBXGroup;
			children = (
				4A3AFDDBEE68DB18F2DB58CB /* Pods-PlayerWorkshop.debug.xcconfig */,
				6CFD4F1E461C6DEE1DE9A830 /* Pods-PlayerWorkshop.release.xcconfig */,
			);
			path = Pods;
			sourceTree = "<group>";
		};
		6DE3468BB7FEE3C8AB65CB4C /* Frameworks */ = {
			isa = PBXGroup;
			children = (
				294BFF37E784C47015CBC95C /* Pods_PlayerWorkshop.framework */,
			);
			name = Frameworks;
			sourceTree = "<group>";
		};
		AB091C37228224200050352B = {
			isa = PBXGroup;
			children = (
				AB091C42228224200050352B /* PlayerWorkshop */,
				AB091C41228224200050352B /* Products */,
				12903730078E1FB08D5C340A /* Pods */,
				6DE3468BB7FEE3C8AB65CB4C /* Frameworks */,
			);
			sourceTree = "<group>";
		};
		AB091C41228224200050352B /* Products */ = {
			isa = PBXGroup;
			children = (
				AB091C40228224200050352B /* PlayerWorkshop.app */,
			);
			name = Products;
			sourceTree = "<group>";
		};
		AB091C42228224200050352B /* PlayerWorkshop */ = {
			isa = PBXGroup;
			children = (
				AB3076842282FB7B000D5116 /* Plugins */,
				AB091C43228224200050352B /* AppDelegate.swift */,
				AB091C45228224200050352B /* ViewController.swift */,
				AB091C47228224200050352B /* Main.storyboard */,
				AB30768F22835F1C000D5116 /* Assets.xcassets */,
				AB091C4C228224220050352B /* LaunchScreen.storyboard */,
				AB091C4F228224220050352B /* Info.plist */,
			);
			path = PlayerWorkshop;
			sourceTree = "<group>";
		};
		AB3076842282FB7B000D5116 /* Plugins */ = {
			isa = PBXGroup;
			children = (
				AB30768922835039000D5116 /* Share */,
			);
			path = Plugins;
			sourceTree = "<group>";
		};
		AB30768922835039000D5116 /* Share */ = {
			isa = PBXGroup;
			children = (
				AB30768722834D3D000D5116 /* ShareView.xib */,
				AB3076852282FF3F000D5116 /* SharePlugin.swift */,
				AB30768A228350A9000D5116 /* ShareView.swift */,
			);
			path = Share;
			sourceTree = "<group>";
		};
/* End PBXGroup section */

/* Begin PBXNativeTarget section */
		AB091C3F228224200050352B /* PlayerWorkshop */ = {
			isa = PBXNativeTarget;
			buildConfigurationList = AB091C52228224220050352B /* Build configuration list for PBXNativeTarget "PlayerWorkshop" */;
			buildPhases = (
				BAEBA71ACBD88AB969842C1D /* [CP] Check Pods Manifest.lock */,
				AB091C3C228224200050352B /* Sources */,
				AB091C3D228224200050352B /* Frameworks */,
				AB091C3E228224200050352B /* Resources */,
				F42CCDDFF81953C537C0FBF3 /* [CP] Embed Pods Frameworks */,
				98206619B9B0DB1EE3CBF5AF /* [CP] Copy Pods Resources */,
			);
			buildRules = (
			);
			dependencies = (
			);
			name = PlayerWorkshop;
			productName = PlayerWorkshop;
			productReference = AB091C40228224200050352B /* PlayerWorkshop.app */;
			productType = "com.apple.product-type.application";
		};
/* End PBXNativeTarget section */

/* Begin PBXProject section */
		AB091C38228224200050352B /* Project object */ = {
			isa = PBXProject;
			attributes = {
				LastSwiftUpdateCheck = 1010;
				LastUpgradeCheck = 1010;
				ORGANIZATIONNAME = Rodrigo.Dezouzart;
				TargetAttributes = {
					AB091C3F228224200050352B = {
						CreatedOnToolsVersion = 10.1;
						LastSwiftMigration = 1020;
					};
				};
			};
			buildConfigurationList = AB091C3B228224200050352B /* Build configuration list for PBXProject "PlayerWorkshop" */;
			compatibilityVersion = "Xcode 9.3";
			developmentRegion = en;
			hasScannedForEncodings = 0;
			knownRegions = (
				en,
				Base,
			);
			mainGroup = AB091C37228224200050352B;
			productRefGroup = AB091C41228224200050352B /* Products */;
			projectDirPath = "";
			projectRoot = "";
			targets = (
				AB091C3F228224200050352B /* PlayerWorkshop */,
			);
		};
/* End PBXProject section */

/* Begin PBXResourcesBuildPhase section */
		AB091C3E228224200050352B /* Resources */ = {
			isa = PBXResourcesBuildPhase;
			buildActionMask = 2147483647;
			files = (
				AB30768822834D3D000D5116 /* ShareView.xib in Resources */,
				AB091C4E228224220050352B /* LaunchScreen.storyboard in Resources */,
				AB30769022835F1C000D5116 /* Assets.xcassets in Resources */,
				AB091C49228224200050352B /* Main.storyboard in Resources */,
			);
			runOnlyForDeploymentPostprocessing = 0;
		};
/* End PBXResourcesBuildPhase section */

/* Begin PBXShellScriptBuildPhase section */
		98206619B9B0DB1EE3CBF5AF /* [CP] Copy Pods Resources */ = {
			isa = PBXShellScriptBuildPhase;
			buildActionMask = 2147483647;
			files = (
			);
			inputFileListPaths = (
			);
			inputPaths = (
				"${PODS_ROOT}/Target Support Files/Pods-PlayerWorkshop/Pods-PlayerWorkshop-resources.sh",
				"${PODS_CONFIGURATION_BUILD_DIR}/ComScore/SCORBundle.bundle",
			);
			name = "[CP] Copy Pods Resources";
			outputFileListPaths = (
			);
			outputPaths = (
				"${TARGET_BUILD_DIR}/${UNLOCALIZED_RESOURCES_FOLDER_PATH}/SCORBundle.bundle",
			);
			runOnlyForDeploymentPostprocessing = 0;
			shellPath = /bin/sh;
			shellScript = "\"${PODS_ROOT}/Target Support Files/Pods-PlayerWorkshop/Pods-PlayerWorkshop-resources.sh\"\n";
			showEnvVarsInLog = 0;
		};
		BAEBA71ACBD88AB969842C1D /* [CP] Check Pods Manifest.lock */ = {
			isa = PBXShellScriptBuildPhase;
			buildActionMask = 2147483647;
			files = (
			);
			inputFileListPaths = (
			);
			inputPaths = (
				"${PODS_PODFILE_DIR_PATH}/Podfile.lock",
				"${PODS_ROOT}/Manifest.lock",
			);
			name = "[CP] Check Pods Manifest.lock";
			outputFileListPaths = (
			);
			outputPaths = (
				"$(DERIVED_FILE_DIR)/Pods-PlayerWorkshop-checkManifestLockResult.txt",
			);
			runOnlyForDeploymentPostprocessing = 0;
			shellPath = /bin/sh;
			shellScript = "diff \"${PODS_PODFILE_DIR_PATH}/Podfile.lock\" \"${PODS_ROOT}/Manifest.lock\" > /dev/null\nif [ $? != 0 ] ; then\n    # print error to STDERR\n    echo \"error: The sandbox is not in sync with the Podfile.lock. Run 'pod install' or update your CocoaPods installation.\" >&2\n    exit 1\nfi\n# This output is used by Xcode 'outputs' to avoid re-running this script phase.\necho \"SUCCESS\" > \"${SCRIPT_OUTPUT_FILE_0}\"\n";
			showEnvVarsInLog = 0;
		};
		F42CCDDFF81953C537C0FBF3 /* [CP] Embed Pods Frameworks */ = {
			isa = PBXShellScriptBuildPhase;
			buildActionMask = 2147483647;
			files = (
			);
			inputFileListPaths = (
			);
			inputPaths = (
				"${PODS_ROOT}/Target Support Files/Pods-PlayerWorkshop/Pods-PlayerWorkshop-frameworks.sh",
				"${BUILT_PRODUCTS_DIR}/Clappr/Clappr.framework",
				"${PODS_ROOT}/ComScore/ComScore/dynamic/iOS/ComScore.framework",
				"${PODS_ROOT}/GoogleAds-IMA-iOS-SDK/GoogleInteractiveMediaAds.framework",
				"${PODS_ROOT}/WMPlayer/Framework/iOS/WMPlayer.framework",
				"${BUILT_PRODUCTS_DIR}/YouboraAVPlayerAdapter/YouboraAVPlayerAdapter.framework",
				"${BUILT_PRODUCTS_DIR}/YouboraIMAAdapter/YouboraIMAAdapter.framework",
				"${BUILT_PRODUCTS_DIR}/YouboraLib/YouboraLib.framework",
			);
			name = "[CP] Embed Pods Frameworks";
			outputFileListPaths = (
			);
			outputPaths = (
				"${TARGET_BUILD_DIR}/${FRAMEWORKS_FOLDER_PATH}/Clappr.framework",
				"${TARGET_BUILD_DIR}/${FRAMEWORKS_FOLDER_PATH}/ComScore.framework",
				"${TARGET_BUILD_DIR}/${FRAMEWORKS_FOLDER_PATH}/GoogleInteractiveMediaAds.framework",
				"${TARGET_BUILD_DIR}/${FRAMEWORKS_FOLDER_PATH}/WMPlayer.framework",
				"${TARGET_BUILD_DIR}/${FRAMEWORKS_FOLDER_PATH}/YouboraAVPlayerAdapter.framework",
				"${TARGET_BUILD_DIR}/${FRAMEWORKS_FOLDER_PATH}/YouboraIMAAdapter.framework",
				"${TARGET_BUILD_DIR}/${FRAMEWORKS_FOLDER_PATH}/YouboraLib.framework",
			);
			runOnlyForDeploymentPostprocessing = 0;
			shellPath = /bin/sh;
			shellScript = "\"${PODS_ROOT}/Target Support Files/Pods-PlayerWorkshop/Pods-PlayerWorkshop-frameworks.sh\"\n";
			showEnvVarsInLog = 0;
		};
/* End PBXShellScriptBuildPhase section */

/* Begin PBXSourcesBuildPhase section */
		AB091C3C228224200050352B /* Sources */ = {
			isa = PBXSourcesBuildPhase;
			buildActionMask = 2147483647;
			files = (
				AB30768B228350A9000D5116 /* ShareView.swift in Sources */,
				AB091C46228224200050352B /* ViewController.swift in Sources */,
				AB091C44228224200050352B /* AppDelegate.swift in Sources */,
				AB3076862282FF3F000D5116 /* SharePlugin.swift in Sources */,
			);
			runOnlyForDeploymentPostprocessing = 0;
		};
/* End PBXSourcesBuildPhase section */

/* Begin PBXVariantGroup section */
		AB091C47228224200050352B /* Main.storyboard */ = {
			isa = PBXVariantGroup;
			children = (
				AB091C48228224200050352B /* Base */,
			);
			name = Main.storyboard;
			sourceTree = "<group>";
		};
		AB091C4C228224220050352B /* LaunchScreen.storyboard */ = {
			isa = PBXVariantGroup;
			children = (
				AB091C4D228224220050352B /* Base */,
			);
			name = LaunchScreen.storyboard;
			sourceTree = "<group>";
		};
/* End PBXVariantGroup section */

/* Begin XCBuildConfiguration section */
		AB091C50228224220050352B /* Debug */ = {
			isa = XCBuildConfiguration;
			buildSettings = {
				ALWAYS_SEARCH_USER_PATHS = NO;
				CLANG_ANALYZER_NONNULL = YES;
				CLANG_ANALYZER_NUMBER_OBJECT_CONVERSION = YES_AGGRESSIVE;
				CLANG_CXX_LANGUAGE_STANDARD = "gnu++14";
				CLANG_CXX_LIBRARY = "libc++";
				CLANG_ENABLE_MODULES = YES;
				CLANG_ENABLE_OBJC_ARC = YES;
				CLANG_ENABLE_OBJC_WEAK = YES;
				CLANG_WARN_BLOCK_CAPTURE_AUTORELEASING = YES;
				CLANG_WARN_BOOL_CONVERSION = YES;
				CLANG_WARN_COMMA = YES;
				CLANG_WARN_CONSTANT_CONVERSION = YES;
				CLANG_WARN_DEPRECATED_OBJC_IMPLEMENTATIONS = YES;
				CLANG_WARN_DIRECT_OBJC_ISA_USAGE = YES_ERROR;
				CLANG_WARN_DOCUMENTATION_COMMENTS = YES;
				CLANG_WARN_EMPTY_BODY = YES;
				CLANG_WARN_ENUM_CONVERSION = YES;
				CLANG_WARN_INFINITE_RECURSION = YES;
				CLANG_WARN_INT_CONVERSION = YES;
				CLANG_WARN_NON_LITERAL_NULL_CONVERSION = YES;
				CLANG_WARN_OBJC_IMPLICIT_RETAIN_SELF = YES;
				CLANG_WARN_OBJC_LITERAL_CONVERSION = YES;
				CLANG_WARN_OBJC_ROOT_CLASS = YES_ERROR;
				CLANG_WARN_RANGE_LOOP_ANALYSIS = YES;
				CLANG_WARN_STRICT_PROTOTYPES = YES;
				CLANG_WARN_SUSPICIOUS_MOVE = YES;
				CLANG_WARN_UNGUARDED_AVAILABILITY = YES_AGGRESSIVE;
				CLANG_WARN_UNREACHABLE_CODE = YES;
				CLANG_WARN__DUPLICATE_METHOD_MATCH = YES;
				CODE_SIGN_IDENTITY = "iPhone Developer";
				COPY_PHASE_STRIP = NO;
				DEBUG_INFORMATION_FORMAT = dwarf;
				ENABLE_STRICT_OBJC_MSGSEND = YES;
				ENABLE_TESTABILITY = YES;
				GCC_C_LANGUAGE_STANDARD = gnu11;
				GCC_DYNAMIC_NO_PIC = NO;
				GCC_NO_COMMON_BLOCKS = YES;
				GCC_OPTIMIZATION_LEVEL = 0;
				GCC_PREPROCESSOR_DEFINITIONS = (
					"DEBUG=1",
					"$(inherited)",
				);
				GCC_WARN_64_TO_32_BIT_CONVERSION = YES;
				GCC_WARN_ABOUT_RETURN_TYPE = YES_ERROR;
				GCC_WARN_UNDECLARED_SELECTOR = YES;
				GCC_WARN_UNINITIALIZED_AUTOS = YES_AGGRESSIVE;
				GCC_WARN_UNUSED_FUNCTION = YES;
				GCC_WARN_UNUSED_VARIABLE = YES;
				IPHONEOS_DEPLOYMENT_TARGET = 12.1;
				MTL_ENABLE_DEBUG_INFO = INCLUDE_SOURCE;
				MTL_FAST_MATH = YES;
				ONLY_ACTIVE_ARCH = YES;
				SDKROOT = iphoneos;
				SWIFT_ACTIVE_COMPILATION_CONDITIONS = DEBUG;
				SWIFT_OPTIMIZATION_LEVEL = "-Onone";
			};
			name = Debug;
		};
		AB091C51228224220050352B /* Release */ = {
			isa = XCBuildConfiguration;
			buildSettings = {
				ALWAYS_SEARCH_USER_PATHS = NO;
				CLANG_ANALYZER_NONNULL = YES;
				CLANG_ANALYZER_NUMBER_OBJECT_CONVERSION = YES_AGGRESSIVE;
				CLANG_CXX_LANGUAGE_STANDARD = "gnu++14";
				CLANG_CXX_LIBRARY = "libc++";
				CLANG_ENABLE_MODULES = YES;
				CLANG_ENABLE_OBJC_ARC = YES;
				CLANG_ENABLE_OBJC_WEAK = YES;
				CLANG_WARN_BLOCK_CAPTURE_AUTORELEASING = YES;
				CLANG_WARN_BOOL_CONVERSION = YES;
				CLANG_WARN_COMMA = YES;
				CLANG_WARN_CONSTANT_CONVERSION = YES;
				CLANG_WARN_DEPRECATED_OBJC_IMPLEMENTATIONS = YES;
				CLANG_WARN_DIRECT_OBJC_ISA_USAGE = YES_ERROR;
				CLANG_WARN_DOCUMENTATION_COMMENTS = YES;
				CLANG_WARN_EMPTY_BODY = YES;
				CLANG_WARN_ENUM_CONVERSION = YES;
				CLANG_WARN_INFINITE_RECURSION = YES;
				CLANG_WARN_INT_CONVERSION = YES;
				CLANG_WARN_NON_LITERAL_NULL_CONVERSION = YES;
				CLANG_WARN_OBJC_IMPLICIT_RETAIN_SELF = YES;
				CLANG_WARN_OBJC_LITERAL_CONVERSION = YES;
				CLANG_WARN_OBJC_ROOT_CLASS = YES_ERROR;
				CLANG_WARN_RANGE_LOOP_ANALYSIS = YES;
				CLANG_WARN_STRICT_PROTOTYPES = YES;
				CLANG_WARN_SUSPICIOUS_MOVE = YES;
				CLANG_WARN_UNGUARDED_AVAILABILITY = YES_AGGRESSIVE;
				CLANG_WARN_UNREACHABLE_CODE = YES;
				CLANG_WARN__DUPLICATE_METHOD_MATCH = YES;
				CODE_SIGN_IDENTITY = "iPhone Developer";
				COPY_PHASE_STRIP = NO;
				DEBUG_INFORMATION_FORMAT = "dwarf-with-dsym";
				ENABLE_NS_ASSERTIONS = NO;
				ENABLE_STRICT_OBJC_MSGSEND = YES;
				GCC_C_LANGUAGE_STANDARD = gnu11;
				GCC_NO_COMMON_BLOCKS = YES;
				GCC_WARN_64_TO_32_BIT_CONVERSION = YES;
				GCC_WARN_ABOUT_RETURN_TYPE = YES_ERROR;
				GCC_WARN_UNDECLARED_SELECTOR = YES;
				GCC_WARN_UNINITIALIZED_AUTOS = YES_AGGRESSIVE;
				GCC_WARN_UNUSED_FUNCTION = YES;
				GCC_WARN_UNUSED_VARIABLE = YES;
				IPHONEOS_DEPLOYMENT_TARGET = 12.1;
				MTL_ENABLE_DEBUG_INFO = NO;
				MTL_FAST_MATH = YES;
				SDKROOT = iphoneos;
				SWIFT_COMPILATION_MODE = wholemodule;
				SWIFT_OPTIMIZATION_LEVEL = "-O";
				VALIDATE_PRODUCT = YES;
			};
			name = Release;
		};
		AB091C53228224220050352B /* Debug */ = {
			isa = XCBuildConfiguration;
			baseConfigurationReference = 4A3AFDDBEE68DB18F2DB58CB /* Pods-PlayerWorkshop.debug.xcconfig */;
			buildSettings = {
				ASSETCATALOG_COMPILER_APPICON_NAME = AppIcon;
				CODE_SIGN_STYLE = Automatic;
				DEVELOPMENT_TEAM = 6L28B3SPDX;
				ENABLE_BITCODE = NO;
				INFOPLIST_FILE = PlayerWorkshop/Info.plist;
				LD_RUNPATH_SEARCH_PATHS = (
					"$(inherited)",
					"@executable_path/Frameworks",
				);
				PRODUCT_BUNDLE_IDENTIFIER = com.rodrigodezouzart.PlayerWorkshop;
				PRODUCT_NAME = "$(TARGET_NAME)";
				SWIFT_VERSION = 5.0;
				TARGETED_DEVICE_FAMILY = "1,2";
			};
			name = Debug;
		};
		AB091C54228224220050352B /* Release */ = {
			isa = XCBuildConfiguration;
			baseConfigurationReference = 6CFD4F1E461C6DEE1DE9A830 /* Pods-PlayerWorkshop.release.xcconfig */;
			buildSettings = {
				ASSETCATALOG_COMPILER_APPICON_NAME = AppIcon;
				CODE_SIGN_STYLE = Automatic;
				DEVELOPMENT_TEAM = 6L28B3SPDX;
				ENABLE_BITCODE = NO;
				INFOPLIST_FILE = PlayerWorkshop/Info.plist;
				LD_RUNPATH_SEARCH_PATHS = (
					"$(inherited)",
					"@executable_path/Frameworks",
				);
				PRODUCT_BUNDLE_IDENTIFIER = com.rodrigodezouzart.PlayerWorkshop;
				PRODUCT_NAME = "$(TARGET_NAME)";
				SWIFT_VERSION = 5.0;
				TARGETED_DEVICE_FAMILY = "1,2";
			};
			name = Release;
		};
/* End XCBuildConfiguration section */

/* Begin XCConfigurationList section */
		AB091C3B228224200050352B /* Build configuration list for PBXProject "PlayerWorkshop" */ = {
			isa = XCConfigurationList;
			buildConfigurations = (
				AB091C50228224220050352B /* Debug */,
				AB091C51228224220050352B /* Release */,
			);
			defaultConfigurationIsVisible = 0;
			defaultConfigurationName = Release;
		};
		AB091C52228224220050352B /* Build configuration list for PBXNativeTarget "PlayerWorkshop" */ = {
			isa = XCConfigurationList;
			buildConfigurations = (
				AB091C53228224220050352B /* Debug */,
				AB091C54228224220050352B /* Release */,
			);
			defaultConfigurationIsVisible = 0;
			defaultConfigurationName = Release;
		};
/* End XCConfigurationList section */
	};
	rootObject = AB091C38228224200050352B /* Project object */;
}
